
Microsoft Visual Studio Solution File, Format Version 12.00
# Visual Studio 15
VisualStudioVersion = 15.0.26403.7
MinimumVisualStudioVersion = 10.0.40219.1
Project("{FAE04EC0-301F-11D3-BF4B-00C04F79EFBC}") = "WebApp", "WebApp\WebApp.csproj", "{449DE500-3B14-4F1A-A318-FBBAA982D82E}"
EndProject
Project("{2150E333-8FDC-42A3-9474-1A3956D46DE8}") = "Solution Items", "Solution Items", "{A94048FE-DFFC-437C-88D3-B90470641EB3}"
	ProjectSection(SolutionItems) = preProject
		.gitattributes = .gitattributes
		.gitignore = .gitignore
		build\common.props = build\common.props
		build\dependencies.props = build\dependencies.props
		LICENSE.md = LICENSE.md
		README.md = README.md
	EndProjectSection
EndProject
Project("{9A19103F-16F7-4668-BE54-9A1E7A4F7556}") = "DAL", "DAL\DAL.csproj", "{9AD72850-E497-4B22-A36C-46441B33E5AF}"
EndProject
Project("{9A19103F-16F7-4668-BE54-9A1E7A4F7556}") = "DAL.EntityFrameworkCore", "DAL.EntityFrameworkCore\DAL.EntityFrameworkCore.csproj", "{6CD82CB5-4036-430C-B1CF-D6805DA4BB6D}"
EndProject
Project("{9A19103F-16F7-4668-BE54-9A1E7A4F7556}") = "AspNetCore.Identity.Uow", "AspNetCore.Identity.Uow\AspNetCore.Identity.Uow.csproj", "{E65A390C-8510-4EDE-9C5B-2D0189317072}"
EndProject
Project("{FAE04EC0-301F-11D3-BF4B-00C04F79EFBC}") = "Domain", "Domain\Domain.csproj", "{6C580BF0-252C-410A-9D5A-C29038B13761}"
EndProject
Project("{FAE04EC0-301F-11D3-BF4B-00C04F79EFBC}") = "AspNetCore.Identity.Extensions", "AspNetCore.Identity.Extensions\AspNetCore.Identity.Extensions.csproj", "{EFD33076-FFF3-4365-9E5F-59C953255355}"
EndProject
Project("{FAE04EC0-301F-11D3-BF4B-00C04F79EFBC}") = "Resources", "Resources\Resources.csproj", "{6BEE5DEE-1E5E-4404-BE14-F241F13A4E71}"
EndProject
Project("{FAE04EC0-301F-11D3-BF4B-00C04F79EFBC}") = "DAL.App", "DAL.App\DAL.App.csproj", "{901933E1-A3C8-465E-AC62-333927E77536}"
EndProject
Global
	GlobalSection(SolutionConfigurationPlatforms) = preSolution
		Debug|Any CPU = Debug|Any CPU
		Release|Any CPU = Release|Any CPU
	EndGlobalSection
	GlobalSection(ProjectConfigurationPlatforms) = postSolution
		{449DE500-3B14-4F1A-A318-FBBAA982D82E}.Debug|Any CPU.ActiveCfg = Debug|Any CPU
		{449DE500-3B14-4F1A-A318-FBBAA982D82E}.Debug|Any CPU.Build.0 = Debug|Any CPU
		{449DE500-3B14-4F1A-A318-FBBAA982D82E}.Release|Any CPU.ActiveCfg = Release|Any CPU
		{449DE500-3B14-4F1A-A318-FBBAA982D82E}.Release|Any CPU.Build.0 = Release|Any CPU
		{9AD72850-E497-4B22-A36C-46441B33E5AF}.Debug|Any CPU.ActiveCfg = Debug|Any CPU
		{9AD72850-E497-4B22-A36C-46441B33E5AF}.Debug|Any CPU.Build.0 = Debug|Any CPU
		{9AD72850-E497-4B22-A36C-46441B33E5AF}.Release|Any CPU.ActiveCfg = Release|Any CPU
		{9AD72850-E497-4B22-A36C-46441B33E5AF}.Release|Any CPU.Build.0 = Release|Any CPU
		{6CD82CB5-4036-430C-B1CF-D6805DA4BB6D}.Debug|Any CPU.ActiveCfg = Debug|Any CPU
		{6CD82CB5-4036-430C-B1CF-D6805DA4BB6D}.Debug|Any CPU.Build.0 = Debug|Any CPU
		{6CD82CB5-4036-430C-B1CF-D6805DA4BB6D}.Release|Any CPU.ActiveCfg = Release|Any CPU
		{6CD82CB5-4036-430C-B1CF-D6805DA4BB6D}.Release|Any CPU.Build.0 = Release|Any CPU
		{E65A390C-8510-4EDE-9C5B-2D0189317072}.Debug|Any CPU.ActiveCfg = Debug|Any CPU
		{E65A390C-8510-4EDE-9C5B-2D0189317072}.Debug|Any CPU.Build.0 = Debug|Any CPU
		{E65A390C-8510-4EDE-9C5B-2D0189317072}.Release|Any CPU.ActiveCfg = Release|Any CPU
		{E65A390C-8510-4EDE-9C5B-2D0189317072}.Release|Any CPU.Build.0 = Release|Any CPU
		{6C580BF0-252C-410A-9D5A-C29038B13761}.Debug|Any CPU.ActiveCfg = Debug|Any CPU
		{6C580BF0-252C-410A-9D5A-C29038B13761}.Debug|Any CPU.Build.0 = Debug|Any CPU
		{6C580BF0-252C-410A-9D5A-C29038B13761}.Release|Any CPU.ActiveCfg = Release|Any CPU
		{6C580BF0-252C-410A-9D5A-C29038B13761}.Release|Any CPU.Build.0 = Release|Any CPU
		{EFD33076-FFF3-4365-9E5F-59C953255355}.Debug|Any CPU.ActiveCfg = Debug|Any CPU
		{EFD33076-FFF3-4365-9E5F-59C953255355}.Debug|Any CPU.Build.0 = Debug|Any CPU
		{EFD33076-FFF3-4365-9E5F-59C953255355}.Release|Any CPU.ActiveCfg = Release|Any CPU
		{EFD33076-FFF3-4365-9E5F-59C953255355}.Release|Any CPU.Build.0 = Release|Any CPU
		{6BEE5DEE-1E5E-4404-BE14-F241F13A4E71}.Debug|Any CPU.ActiveCfg = Debug|Any CPU
		{6BEE5DEE-1E5E-4404-BE14-F241F13A4E71}.Debug|Any CPU.Build.0 = Debug|Any CPU
		{6BEE5DEE-1E5E-4404-BE14-F241F13A4E71}.Release|Any CPU.ActiveCfg = Release|Any CPU
		{6BEE5DEE-1E5E-4404-BE14-F241F13A4E71}.Release|Any CPU.Build.0 = Release|Any CPU
		{901933E1-A3C8-465E-AC62-333927E77536}.Debug|Any CPU.ActiveCfg = Debug|Any CPU
		{901933E1-A3C8-465E-AC62-333927E77536}.Debug|Any CPU.Build.0 = Debug|Any CPU
		{901933E1-A3C8-465E-AC62-333927E77536}.Release|Any CPU.ActiveCfg = Release|Any CPU
		{901933E1-A3C8-465E-AC62-333927E77536}.Release|Any CPU.Build.0 = Release|Any CPU
	EndGlobalSection
	GlobalSection(SolutionProperties) = preSolution
		HideSolutionNode = FALSE
	EndGlobalSection
EndGlobal
